{
  "name": "client",
  "lockfileVersion": 3,
  "requires": true,
  "packages": {
    "": {
      "dependencies": {
        "@sentry/react": "^10.39.0"
      }
    },
    "node_modules/@sentry-internal/browser-utils": {
      "version": "10.39.0",
      "resolved": "https://registry.npmjs.org/@sentry-internal/browser-utils/-/browser-utils-10.39.0.tgz",
      "integrity": "sha512-W6WODonMGiI13Az5P7jd/m2lj/JpIyuVKg7wE4X+YdlMehLspAv6I7gRE4OBSumS14ZjdaYDpD/lwtnBwKAzcA==",
      "license": "MIT",
      "dependencies": {
        "@sentry/core": "10.39.0"
      },
      "engines": {
        "node": ">=18"
      }
    },
    "node_modules/@sentry-internal/feedback": {
      "version": "10.39.0",
      "resolved": "https://registry.npmjs.org/@sentry-internal/feedback/-/feedback-10.39.0.tgz",
      "integrity": "sha512-cRXmmDeOr5FzVsBNRLU4WDEuC3fhuD0XV362EWl4DI3XBGao8ukaueKcLIKic5WZx6uXimjWw/UJmDLgxeCqkg==",
      "license": "MIT",
      "dependencies": {
        "@sentry/core": "10.39.0"
      },
      "engines": {
        "node": ">=18"
      }
    },
    "node_modules/@sentry-internal/replay": {
      "version": "10.39.0",
      "resolved": "https://registry.npmjs.org/@sentry-internal/replay/-/replay-10.39.0.tgz",
      "integrity": "sha512-obZoYOrUfxIYBHkmtPpItRdE38VuzF1VIxSgZ8Mbtq/9UvCWh+eOaVWU2stN/cVu1KYuYX0nQwBvdN28L6y/JA==",
      "license": "MIT",
      "dependencies": {
        "@sentry-internal/browser-utils": "10.39.0",
        "@sentry/core": "10.39.0"
      },
      "engines": {
        "node": ">=18"
      }
    },
    "node_modules/@sentry-internal/replay-canvas": {
      "version": "10.39.0",
      "resolved": "https://registry.npmjs.org/@sentry-internal/replay-canvas/-/replay-canvas-10.39.0.tgz",
      "integrity": "sha512-TTiX0XWCcqTqFGJjEZYObk93j/sJmXcqPzcu0cN2mIkKnnaHDY3w74SHZCshKqIr0AOQdt1HDNa36s3TCdt0Jw==",
      "license": "MIT",
      "dependencies": {
        "@sentry-internal/replay": "10.39.0",
        "@sentry/core": "10.39.0"
      },
      "engines": {
        "node": ">=18"
      }
    },
    "node_modules/@sentry/browser": {
      "version": "10.39.0",
      "resolved": "https://registry.npmjs.org/@sentry/browser/-/browser-10.39.0.tgz",
      "integrity": "sha512-I50W/1PDJWyqgNrGufGhBYCmmO3Bb159nx2Ut2bKoVveTfgH/hLEtDyW0kHo8Fu454mW+ukyXfU4L4s+kB9aaw==",
      "license": "MIT",
      "dependencies": {
        "@sentry-internal/browser-utils": "10.39.0",
        "@sentry-internal/feedback": "10.39.0",
        "@sentry-internal/replay": "10.39.0",
        "@sentry-internal/replay-canvas": "10.39.0",
        "@sentry/core": "10.39.0"
      },
      "engines": {
        "node": ">=18"
      }
    },
    "node_modules/@sentry/core": {
      "version": "10.39.0",
      "resolved": "https://registry.npmjs.org/@sentry/core/-/core-10.39.0.tgz",
      "integrity": "sha512-xCLip2mBwCdRrvXHtVEULX0NffUTYZZBhEUGht0WFL+GNdNQ7gmBOGOczhZlrf2hgFFtDO0fs1xiP9bqq5orEQ==",
      "license": "MIT",
      "engines": {
        "node": ">=18"
      }
    },
    "node_modules/@sentry/react": {
      "version": "10.39.0",
      "resolved": "https://registry.npmjs.org/@sentry/react/-/react-10.39.0.tgz",
      "integrity": "sha512-qxReWHFhDcXNGEyAlYzhR7+K70es+vXaSknTZui1q7TfQwCT1rZlLKn/K8GDpNsb35RC5QhiIphU6pKbyYgZqw==",
      "license": "MIT",
      "dependencies": {
        "@sentry/browser": "10.39.0",
        "@sentry/core": "10.39.0"
      },
      "engines": {
        "node": ">=18"
      },
      "peerDependencies": {
        "react": "^16.14.0 || 17.x || 18.x || 19.x"
      }
    },
    "node_modules/react": {
      "version": "19.2.4",
      "resolved": "https://registry.npmjs.org/react/-/react-19.2.4.tgz",
      "integrity": "sha512-9nfp2hYpCwOjAN+8TZFGhtWEwgvWHXqESH8qT89AT/lWklpLON22Lc8pEtnpsZz7VmawabSU0gCjnj8aC0euHQ==",
      "license": "MIT",
      "peer": true,
      "engines": {
        "node": ">=0.10.0"
      }
    }
  }
}
